
Microsoft Visual Studio Solution File, Format Version 12.00
# Visual Studio Version 16
VisualStudioVersion = 16.0.30002.166
MinimumVisualStudioVersion = 10.0.40219.1
Project("{FAE04EC0-301F-11D3-BF4B-00C04F79EFBC}") = "LearnGitHub", "LearnGitHub\LearnGitHub.csproj", "{12BBDC93-EC14-466B-BE2C-CA5D17D0C310}"
EndProject
Global
	GlobalSection(SolutionConfigurationPlatforms) = preSolution
		Debug|Any CPU = Debug|Any CPU
		Release|Any CPU = Release|Any CPU
	EndGlobalSection
	GlobalSection(ProjectConfigurationPlatforms) = postSolution
		{12BBDC93-EC14-466B-BE2C-CA5D17D0C310}.Debug|Any CPU.ActiveCfg = Debug|Any CPU
		{12BBDC93-EC14-466B-BE2C-CA5D17D0C310}.Debug|Any CPU.Build.0 = Debug|Any CPU
		{12BBDC93-EC14-466B-BE2C-CA5D17D0C310}.Release|Any CPU.ActiveCfg = Release|Any CPU
		{12BBDC93-EC14-466B-BE2C-CA5D17D0C310}.Release|Any CPU.Build.0 = Release|Any CPU
	EndGlobalSection
	GlobalSection(SolutionProperties) = preSolution
		HideSolutionNode = FALSE
	EndGlobalSection
	GlobalSection(ExtensibilityGlobals) = postSolution
		SolutionGuid = {459F5BD4-8A81-4998-9094-DEF87B078213}
	EndGlobalSection
EndGlobal
